// !$*UTF8*$!
{
	archiveVersion = 1;
	classes = {
	};
	objectVersion = 50;
	objects = {

/* Begin PBXBuildFile section */
		A109D94C22D5DC9800AAE12A /* AppDelegate.swift in Sources */ = {isa = PBXBuildFile; fileRef = A109D94B22D5DC9800AAE12A /* AppDelegate.swift */; };
		A109D95122D5DC9800AAE12A /* Main.storyboard in Resources */ = {isa = PBXBuildFile; fileRef = A109D94F22D5DC9800AAE12A /* Main.storyboard */; };
		A109D95322D5DC9900AAE12A /* Assets.xcassets in Resources */ = {isa = PBXBuildFile; fileRef = A109D95222D5DC9900AAE12A /* Assets.xcassets */; };
		A109D95622D5DC9900AAE12A /* LaunchScreen.storyboard in Resources */ = {isa = PBXBuildFile; fileRef = A109D95422D5DC9900AAE12A /* LaunchScreen.storyboard */; };
		A109D96122D5DC9900AAE12A /* Virtual_TouristTests.swift in Sources */ = {isa = PBXBuildFile; fileRef = A109D96022D5DC9900AAE12A /* Virtual_TouristTests.swift */; };
		A109D96C22D5DC9900AAE12A /* Virtual_TouristUITests.swift in Sources */ = {isa = PBXBuildFile; fileRef = A109D96B22D5DC9900AAE12A /* Virtual_TouristUITests.swift */; };
		A109D97D22D5ED6C00AAE12A /* mainPage(MapView).swift in Sources */ = {isa = PBXBuildFile; fileRef = A109D97C22D5ED6C00AAE12A /* mainPage(MapView).swift */; };
		A109D97F22D5EDE600AAE12A /* photoSelectedLocationColectionView.swift in Sources */ = {isa = PBXBuildFile; fileRef = A109D97E22D5EDE600AAE12A /* photoSelectedLocationColectionView.swift */; };
		A109D98122D5EE8E00AAE12A /* selectedPhotoCell.swift in Sources */ = {isa = PBXBuildFile; fileRef = A109D98022D5EE8E00AAE12A /* selectedPhotoCell.swift */; };
		A109D98322D5FF6E00AAE12A /* customImageView.swift in Sources */ = {isa = PBXBuildFile; fileRef = A109D98222D5FF6E00AAE12A /* customImageView.swift */; };
		A109D98622D600EE00AAE12A /* VirtualTourist.xcdatamodeld in Sources */ = {isa = PBXBuildFile; fileRef = A109D98422D600EE00AAE12A /* VirtualTourist.xcdatamodeld */; };
		A109D98822D6062F00AAE12A /* DataController.swift in Sources */ = {isa = PBXBuildFile; fileRef = A109D98722D6062F00AAE12A /* DataController.swift */; };
		A109D98A22D63B7000AAE12A /* pinExtention.swift in Sources */ = {isa = PBXBuildFile; fileRef = A109D98922D63B7000AAE12A /* pinExtention.swift */; };
		A109D98C22D63B8700AAE12A /* photoExtention.swift in Sources */ = {isa = PBXBuildFile; fileRef = A109D98B22D63B8700AAE12A /* photoExtention.swift */; };
		A109D98E22D6437500AAE12A /* alert.swift in Sources */ = {isa = PBXBuildFile; fileRef = A109D98D22D6437500AAE12A /* alert.swift */; };
		A111F46422D7B7520051A26E /* FlikrAPI.swift in Sources */ = {isa = PBXBuildFile; fileRef = A111F46322D7B7520051A26E /* FlikrAPI.swift */; };
		A19283F522DB6F1E0097AA95 /* VirtualTourist_512.png in Resources */ = {isa = PBXBuildFile; fileRef = A19283F422DB6F1E0097AA95 /* VirtualTourist_512.png */; };
		A19283F722DB84DF0097AA95 /* NeViewController.swift in Sources */ = {isa = PBXBuildFile; fileRef = A19283F622DB84DF0097AA95 /* NeViewController.swift */; };
		A19283FB22DB96E20097AA95 /* CollectionViewCell.swift in Sources */ = {isa = PBXBuildFile; fileRef = A19283FA22DB96E20097AA95 /* CollectionViewCell.swift */; };
/* End PBXBuildFile section */

/* Begin PBXContainerItemProxy section */
		A109D95D22D5DC9900AAE12A /* PBXContainerItemProxy */ = {
			isa = PBXContainerItemProxy;
			containerPortal = A109D94022D5DC9800AAE12A /* Project object */;
			proxyType = 1;
			remoteGlobalIDString = A109D94722D5DC9800AAE12A;
			remoteInfo = "Virtual Tourist";
		};
		A109D96822D5DC9900AAE12A /* PBXContainerItemProxy */ = {
			isa = PBXContainerItemProxy;
			containerPortal = A109D94022D5DC9800AAE12A /* Project object */;
			proxyType = 1;
			remoteGlobalIDString = A109D94722D5DC9800AAE12A;
			remoteInfo = "Virtual Tourist";
		};
/* End PBXContainerItemProxy section */

/* Begin PBXFileReference section */
		A109D94822D5DC9800AAE12A /* Virtual Tourist.app */ = {isa = PBXFileReference; explicitFileType = wrapper.application; includeInIndex = 0; path = "Virtual Tourist.app"; sourceTree = BUILT_PRODUCTS_DIR; };
		A109D94B22D5DC9800AAE12A /* AppDelegate.swift */ = {isa = PBXFileReference; lastKnownFileType = sourcecode.swift; path = AppDelegate.swift; sourceTree = "<group>"; };
		A109D95022D5DC9800AAE12A /* Base */ = {isa = PBXFileReference; lastKnownFileType = file.storyboard; name = Base; path = Base.lproj/Main.storyboard; sourceTree = "<group>"; };
		A109D95222D5DC9900AAE12A /* Assets.xcassets */ = {isa = PBXFileReference; lastKnownFileType = folder.assetcatalog; path = Assets.xcassets; sourceTree = "<group>"; };
		A109D95522D5DC9900AAE12A /* Base */ = {isa = PBXFileReference; lastKnownFileType = file.storyboard; name = Base; path = Base.lproj/LaunchScreen.storyboard; sourceTree = "<group>"; };
		A109D95722D5DC9900AAE12A /* Info.plist */ = {isa = PBXFileReference; lastKnownFileType = text.plist.xml; path = Info.plist; sourceTree = "<group>"; };
		A109D95C22D5DC9900AAE12A /* Virtual TouristTests.xctest */ = {isa = PBXFileReference; explicitFileType = wrapper.cfbundle; includeInIndex = 0; path = "Virtual TouristTests.xctest"; sourceTree = BUILT_PRODUCTS_DIR; };
		A109D96022D5DC9900AAE12A /* Virtual_TouristTests.swift */ = {isa = PBXFileReference; lastKnownFileType = sourcecode.swift; path = Virtual_TouristTests.swift; sourceTree = "<group>"; };
		A109D96222D5DC9900AAE12A /* Info.plist */ = {isa = PBXFileReference; lastKnownFileType = text.plist.xml; path = Info.plist; sourceTree = "<group>"; };
		A109D96722D5DC9900AAE12A /* Virtual TouristUITests.xctest */ = {isa = PBXFileReference; explicitFileType = wrapper.cfbundle; includeInIndex = 0; path = "Virtual TouristUITests.xctest"; sourceTree = BUILT_PRODUCTS_DIR; };
		A109D96B22D5DC9900AAE12A /* Virtual_TouristUITests.swift */ = {isa = PBXFileReference; lastKnownFileType = sourcecode.swift; path = Virtual_TouristUITests.swift; sourceTree = "<group>"; };
		A109D96D22D5DC9900AAE12A /* Info.plist */ = {isa = PBXFileReference; lastKnownFileType = text.plist.xml; path = Info.plist; sourceTree = "<group>"; };
		A109D97C22D5ED6C00AAE12A /* mainPage(MapView).swift */ = {isa = PBXFileReference; lastKnownFileType = sourcecode.swift; path = "mainPage(MapView).swift"; sourceTree = "<group>"; };
		A109D97E22D5EDE600AAE12A /* photoSelectedLocationColectionView.swift */ = {isa = PBXFileReference; lastKnownFileType = sourcecode.swift; path = photoSelectedLocationColectionView.swift; sourceTree = "<group>"; };
		A109D98022D5EE8E00AAE12A /* selectedPhotoCell.swift */ = {isa = PBXFileReference; lastKnownFileType = sourcecode.swift; path = selectedPhotoCell.swift; sourceTree = "<group>"; };
		A109D98222D5FF6E00AAE12A /* customImageView.swift */ = {isa = PBXFileReference; lastKnownFileType = sourcecode.swift; path = customImageView.swift; sourceTree = "<group>"; };
		A109D98522D600EE00AAE12A /* VirtualTourist.xcdatamodel */ = {isa = PBXFileReference; lastKnownFileType = wrapper.xcdatamodel; path = VirtualTourist.xcdatamodel; sourceTree = "<group>"; };
		A109D98722D6062F00AAE12A /* DataController.swift */ = {isa = PBXFileReference; lastKnownFileType = sourcecode.swift; path = DataController.swift; sourceTree = "<group>"; };
		A109D98922D63B7000AAE12A /* pinExtention.swift */ = {isa = PBXFileReference; lastKnownFileType = sourcecode.swift; path = pinExtention.swift; sourceTree = "<group>"; };
		A109D98B22D63B8700AAE12A /* photoExtention.swift */ = {isa = PBXFileReference; lastKnownFileType = sourcecode.swift; path = photoExtention.swift; sourceTree = "<group>"; };
		A109D98D22D6437500AAE12A /* alert.swift */ = {isa = PBXFileReference; lastKnownFileType = sourcecode.swift; path = alert.swift; sourceTree = "<group>"; };
		A111F46322D7B7520051A26E /* FlikrAPI.swift */ = {isa = PBXFileReference; lastKnownFileType = sourcecode.swift; path = FlikrAPI.swift; sourceTree = "<group>"; };
		A19283F422DB6F1E0097AA95 /* VirtualTourist_512.png */ = {isa = PBXFileReference; lastKnownFileType = image.png; name = VirtualTourist_512.png; path = "../../../../../Downloads/virtual-tourist-app-icons/VirtualTourist_512.png"; sourceTree = "<group>"; };
		A19283F622DB84DF0097AA95 /* NeViewController.swift */ = {isa = PBXFileReference; lastKnownFileType = sourcecode.swift; path = NeViewController.swift; sourceTree = "<group>"; };
		A19283FA22DB96E20097AA95 /* CollectionViewCell.swift */ = {isa = PBXFileReference; lastKnownFileType = sourcecode.swift; path = CollectionViewCell.swift; sourceTree = "<group>"; };
/* End PBXFileReference section */

/* Begin PBXFrameworksBuildPhase section */
		A109D94522D5DC9800AAE12A /* Frameworks */ = {
			isa = PBXFrameworksBuildPhase;
			buildActionMask = 2147483647;
			files = (
			);
			runOnlyForDeploymentPostprocessing = 0;
		};
		A109D95922D5DC9900AAE12A /* Frameworks */ = {
			isa = PBXFrameworksBuildPhase;
			buildActionMask = 2147483647;
			files = (
			);
			runOnlyForDeploymentPostprocessing = 0;
		};
		A109D96422D5DC9900AAE12A /* Frameworks */ = {
			isa = PBXFrameworksBuildPhase;
			buildActionMask = 2147483647;
			files = (
			);
			runOnlyForDeploymentPostprocessing = 0;
		};
/* End PBXFrameworksBuildPhase section */

/* Begin PBXGroup section */
		A109D93F22D5DC9800AAE12A = {
			isa = PBXGroup;
			children = (
				A109D94A22D5DC9800AAE12A /* Virtual Tourist */,
				A109D95F22D5DC9900AAE12A /* Virtual TouristTests */,
				A109D96A22D5DC9900AAE12A /* Virtual TouristUITests */,
				A109D94922D5DC9800AAE12A /* Products */,
			);
			sourceTree = "<group>";
		};
		A109D94922D5DC9800AAE12A /* Products */ = {
			isa = PBXGroup;
			children = (
				A109D94822D5DC9800AAE12A /* Virtual Tourist.app */,
				A109D95C22D5DC9900AAE12A /* Virtual TouristTests.xctest */,
				A109D96722D5DC9900AAE12A /* Virtual TouristUITests.xctest */,
			);
			name = Products;
			sourceTree = "<group>";
		};
		A109D94A22D5DC9800AAE12A /* Virtual Tourist */ = {
			isa = PBXGroup;
			children = (
				A109D94B22D5DC9800AAE12A /* AppDelegate.swift */,
				A109D98D22D6437500AAE12A /* alert.swift */,
				A109D97B22D5ECFD00AAE12A /* Model */,
				A109D97A22D5ECEE00AAE12A /* View */,
				A109D97922D5ECC500AAE12A /* Controllers */,
				A109D94F22D5DC9800AAE12A /* Main.storyboard */,
				A109D95222D5DC9900AAE12A /* Assets.xcassets */,
				A19283F422DB6F1E0097AA95 /* VirtualTourist_512.png */,
				A109D95422D5DC9900AAE12A /* LaunchScreen.storyboard */,
				A109D95722D5DC9900AAE12A /* Info.plist */,
			);
			path = "Virtual Tourist";
			sourceTree = "<group>";
		};
		A109D95F22D5DC9900AAE12A /* Virtual TouristTests */ = {
			isa = PBXGroup;
			children = (
				A109D96022D5DC9900AAE12A /* Virtual_TouristTests.swift */,
				A109D96222D5DC9900AAE12A /* Info.plist */,
			);
			path = "Virtual TouristTests";
			sourceTree = "<group>";
		};
		A109D96A22D5DC9900AAE12A /* Virtual TouristUITests */ = {
			isa = PBXGroup;
			children = (
				A109D96B22D5DC9900AAE12A /* Virtual_TouristUITests.swift */,
				A109D96D22D5DC9900AAE12A /* Info.plist */,
			);
			path = "Virtual TouristUITests";
			sourceTree = "<group>";
		};
		A109D97922D5ECC500AAE12A /* Controllers */ = {
			isa = PBXGroup;
			children = (
				A109D97C22D5ED6C00AAE12A /* mainPage(MapView).swift */,
				A109D97E22D5EDE600AAE12A /* photoSelectedLocationColectionView.swift */,
				A19283F622DB84DF0097AA95 /* NeViewController.swift */,
			);
			path = Controllers;
			sourceTree = "<group>";
		};
		A109D97A22D5ECEE00AAE12A /* View */ = {
			isa = PBXGroup;
			children = (
				A109D98022D5EE8E00AAE12A /* selectedPhotoCell.swift */,
				A19283FA22DB96E20097AA95 /* CollectionViewCell.swift */,
				A109D98222D5FF6E00AAE12A /* customImageView.swift */,
			);
			path = View;
			sourceTree = "<group>";
		};
		A109D97B22D5ECFD00AAE12A /* Model */ = {
			isa = PBXGroup;
			children = (
				A111F46322D7B7520051A26E /* FlikrAPI.swift */,
				A109D98422D600EE00AAE12A /* VirtualTourist.xcdatamodeld */,
				A109D98722D6062F00AAE12A /* DataController.swift */,
				A109D98922D63B7000AAE12A /* pinExtention.swift */,
				A109D98B22D63B8700AAE12A /* photoExtention.swift */,
			);
			path = Model;
			sourceTree = "<group>";
		};
/* End PBXGroup section */

/* Begin PBXNativeTarget section */
		A109D94722D5DC9800AAE12A /* Virtual Tourist */ = {
			isa = PBXNativeTarget;
			buildConfigurationList = A109D97022D5DC9900AAE12A /* Build configuration list for PBXNativeTarget "Virtual Tourist" */;
			buildPhases = (
				A109D94422D5DC9800AAE12A /* Sources */,
				A109D94522D5DC9800AAE12A /* Frameworks */,
				A109D94622D5DC9800AAE12A /* Resources */,
			);
			buildRules = (
			);
			dependencies = (
			);
			name = "Virtual Tourist";
			productName = "Virtual Tourist";
			productReference = A109D94822D5DC9800AAE12A /* Virtual Tourist.app */;
			productType = "com.apple.product-type.application";
		};
		A109D95B22D5DC9900AAE12A /* Virtual TouristTests */ = {
			isa = PBXNativeTarget;
			buildConfigurationList = A109D97322D5DC9900AAE12A /* Build configuration list for PBXNativeTarget "Virtual TouristTests" */;
			buildPhases = (
				A109D95822D5DC9900AAE12A /* Sources */,
				A109D95922D5DC9900AAE12A /* Frameworks */,
				A109D95A22D5DC9900AAE12A /* Resources */,
			);
			buildRules = (
			);
			dependencies = (
				A109D95E22D5DC9900AAE12A /* PBXTargetDependency */,
			);
			name = "Virtual TouristTests";
			productName = "Virtual TouristTests";
			productReference = A109D95C22D5DC9900AAE12A /* Virtual TouristTests.xctest */;
			productType = "com.apple.product-type.bundle.unit-test";
		};
		A109D96622D5DC9900AAE12A /* Virtual TouristUITests */ = {
			isa = PBXNativeTarget;
			buildConfigurationList = A109D97622D5DC9900AAE12A /* Build configuration list for PBXNativeTarget "Virtual TouristUITests" */;
			buildPhases = (
				A109D96322D5DC9900AAE12A /* Sources */,
				A109D96422D5DC9900AAE12A /* Frameworks */,
				A109D96522D5DC9900AAE12A /* Resources */,
			);
			buildRules = (
			);
			dependencies = (
				A109D96922D5DC9900AAE12A /* PBXTargetDependency */,
			);
			name = "Virtual TouristUITests";
			productName = "Virtual TouristUITests";
			productReference = A109D96722D5DC9900AAE12A /* Virtual TouristUITests.xctest */;
			productType = "com.apple.product-type.bundle.ui-testing";
		};
/* End PBXNativeTarget section */

/* Begin PBXProject section */
		A109D94022D5DC9800AAE12A /* Project object */ = {
			isa = PBXProject;
			attributes = {
				LastSwiftUpdateCheck = 1020;
				LastUpgradeCheck = 1020;
				ORGANIZATIONNAME = "norah alshareef";
				TargetAttributes = {
					A109D94722D5DC9800AAE12A = {
						CreatedOnToolsVersion = 10.2.1;
					};
					A109D95B22D5DC9900AAE12A = {
						CreatedOnToolsVersion = 10.2.1;
						TestTargetID = A109D94722D5DC9800AAE12A;
					};
					A109D96622D5DC9900AAE12A = {
						CreatedOnToolsVersion = 10.2.1;
						TestTargetID = A109D94722D5DC9800AAE12A;
					};
				};
			};
			buildConfigurationList = A109D94322D5DC9800AAE12A /* Build configuration list for PBXProject "Virtual Tourist" */;
			compatibilityVersion = "Xcode 9.3";
			developmentRegion = en;
			hasScannedForEncodings = 0;
			knownRegions = (
				en,
				Base,
			);
			mainGroup = A109D93F22D5DC9800AAE12A;
			productRefGroup = A109D94922D5DC9800AAE12A /* Products */;
			projectDirPath = "";
			projectRoot = "";
			targets = (
				A109D94722D5DC9800AAE12A /* Virtual Tourist */,
				A109D95B22D5DC9900AAE12A /* Virtual TouristTests */,
				A109D96622D5DC9900AAE12A /* Virtual TouristUITests */,
			);
		};
/* End PBXProject section */

/* Begin PBXResourcesBuildPhase section */
		A109D94622D5DC9800AAE12A /* Resources */ = {
			isa = PBXResourcesBuildPhase;
			buildActionMask = 2147483647;
			files = (
				A109D95622D5DC9900AAE12A /* LaunchScreen.storyboard in Resources */,
				A19283F522DB6F1E0097AA95 /* VirtualTourist_512.png in Resources */,
				A109D95322D5DC9900AAE12A /* Assets.xcassets in Resources */,
				A109D95122D5DC9800AAE12A /* Main.storyboard in Resources */,
			);
			runOnlyForDeploymentPostprocessing = 0;
		};
		A109D95A22D5DC9900AAE12A /* Resources */ = {
			isa = PBXResourcesBuildPhase;
			buildActionMask = 2147483647;
			files = (
			);
			runOnlyForDeploymentPostprocessing = 0;
		};
		A109D96522D5DC9900AAE12A /* Resources */ = {
			isa = PBXResourcesBuildPhase;
			buildActionMask = 2147483647;
			files = (
			);
			runOnlyForDeploymentPostprocessing = 0;
		};
/* End PBXResourcesBuildPhase section */

/* Begin PBXSourcesBuildPhase section */
		A109D94422D5DC9800AAE12A /* Sources */ = {
			isa = PBXSourcesBuildPhase;
			buildActionMask = 2147483647;
			files = (
				A109D98622D600EE00AAE12A /* VirtualTourist.xcdatamodeld in Sources */,
				A109D98E22D6437500AAE12A /* alert.swift in Sources */,
				A111F46422D7B7520051A26E /* FlikrAPI.swift in Sources */,
				A109D98122D5EE8E00AAE12A /* selectedPhotoCell.swift in Sources */,
				A109D98C22D63B8700AAE12A /* photoExtention.swift in Sources */,
				A109D97F22D5EDE600AAE12A /* photoSelectedLocationColectionView.swift in Sources */,
				A109D98322D5FF6E00AAE12A /* customImageView.swift in Sources */,
				A19283F722DB84DF0097AA95 /* NeViewController.swift in Sources */,
				A109D98822D6062F00AAE12A /* DataController.swift in Sources */,
				A19283FB22DB96E20097AA95 /* CollectionViewCell.swift in Sources */,
				A109D94C22D5DC9800AAE12A /* AppDelegate.swift in Sources */,
				A109D98A22D63B7000AAE12A /* pinExtention.swift in Sources */,
				A109D97D22D5ED6C00AAE12A /* mainPage(MapView).swift in Sources */,
			);
			runOnlyForDeploymentPostprocessing = 0;
		};
		A109D95822D5DC9900AAE12A /* Sources */ = {
			isa = PBXSourcesBuildPhase;
			buildActionMask = 2147483647;
			files = (
				A109D96122D5DC9900AAE12A /* Virtual_TouristTests.swift in Sources */,
			);
			runOnlyForDeploymentPostprocessing = 0;
		};
		A109D96322D5DC9900AAE12A /* Sources */ = {
			isa = PBXSourcesBuildPhase;
			buildActionMask = 2147483647;
			files = (
				A109D96C22D5DC9900AAE12A /* Virtual_TouristUITests.swift in Sources */,
			);
			runOnlyForDeploymentPostprocessing = 0;
		};
/* End PBXSourcesBuildPhase section */

/* Begin PBXTargetDependency section */
		A109D95E22D5DC9900AAE12A /* PBXTargetDependency */ = {
			isa = PBXTargetDependency;
			target = A109D94722D5DC9800AAE12A /* Virtual Tourist */;
			targetProxy = A109D95D22D5DC9900AAE12A /* PBXContainerItemProxy */;
		};
		A109D96922D5DC9900AAE12A /* PBXTargetDependency */ = {
			isa = PBXTargetDependency;
			target = A109D94722D5DC9800AAE12A /* Virtual Tourist */;
			targetProxy = A109D96822D5DC9900AAE12A /* PBXContainerItemProxy */;
		};
/* End PBXTargetDependency section */

/* Begin PBXVariantGroup section */
		A109D94F22D5DC9800AAE12A /* Main.storyboard */ = {
			isa = PBXVariantGroup;
			children = (
				A109D95022D5DC9800AAE12A /* Base */,
			);
			name = Main.storyboard;
			sourceTree = "<group>";
		};
		A109D95422D5DC9900AAE12A /* LaunchScreen.storyboard */ = {
			isa = PBXVariantGroup;
			children = (
				A109D95522D5DC9900AAE12A /* Base */,
			);
			name = LaunchScreen.storyboard;
			sourceTree = "<group>";
		};
/* End PBXVariantGroup section */

/* Begin XCBuildConfiguration section */
		A109D96E22D5DC9900AAE12A /* Debug */ = {
			isa = XCBuildConfiguration;
			buildSettings = {
				ALWAYS_SEARCH_USER_PATHS = NO;
				CLANG_ANALYZER_NONNULL = YES;
				CLANG_ANALYZER_NUMBER_OBJECT_CONVERSION = YES_AGGRESSIVE;
				CLANG_CXX_LANGUAGE_STANDARD = "gnu++14";
				CLANG_CXX_LIBRARY = "libc++";
				CLANG_ENABLE_MODULES = YES;
				CLANG_ENABLE_OBJC_ARC = YES;
				CLANG_ENABLE_OBJC_WEAK = YES;
				CLANG_WARN_BLOCK_CAPTURE_AUTORELEASING = YES;
				CLANG_WARN_BOOL_CONVERSION = YES;
				CLANG_WARN_COMMA = YES;
				CLANG_WARN_CONSTANT_CONVERSION = YES;
				CLANG_WARN_DEPRECATED_OBJC_IMPLEMENTATIONS = YES;
				CLANG_WARN_DIRECT_OBJC_ISA_USAGE = YES_ERROR;
				CLANG_WARN_DOCUMENTATION_COMMENTS = YES;
				CLANG_WARN_EMPTY_BODY = YES;
				CLANG_WARN_ENUM_CONVERSION = YES;
				CLANG_WARN_INFINITE_RECURSION = YES;
				CLANG_WARN_INT_CONVERSION = YES;
				CLANG_WARN_NON_LITERAL_NULL_CONVERSION = YES;
				CLANG_WARN_OBJC_IMPLICIT_RETAIN_SELF = YES;
				CLANG_WARN_OBJC_LITERAL_CONVERSION = YES;
				CLANG_WARN_OBJC_ROOT_CLASS = YES_ERROR;
				CLANG_WARN_RANGE_LOOP_ANALYSIS = YES;
				CLANG_WARN_STRICT_PROTOTYPES = YES;
				CLANG_WARN_SUSPICIOUS_MOVE = YES;
				CLANG_WARN_UNGUARDED_AVAILABILITY = YES_AGGRESSIVE;
				CLANG_WARN_UNREACHABLE_CODE = YES;
				CLANG_WARN__DUPLICATE_METHOD_MATCH = YES;
				CODE_SIGN_IDENTITY = "iPhone Developer";
				COPY_PHASE_STRIP = NO;
				DEBUG_INFORMATION_FORMAT = dwarf;
				ENABLE_STRICT_OBJC_MSGSEND = YES;
				ENABLE_TESTABILITY = YES;
				GCC_C_LANGUAGE_STANDARD = gnu11;
				GCC_DYNAMIC_NO_PIC = NO;
				GCC_NO_COMMON_BLOCKS = YES;
				GCC_OPTIMIZATION_LEVEL = 0;
				GCC_PREPROCESSOR_DEFINITIONS = (
					"DEBUG=1",
					"$(inherited)",
				);
				GCC_WARN_64_TO_32_BIT_CONVERSION = YES;
				GCC_WARN_ABOUT_RETURN_TYPE = YES_ERROR;
				GCC_WARN_UNDECLARED_SELECTOR = YES;
				GCC_WARN_UNINITIALIZED_AUTOS = YES_AGGRESSIVE;
				GCC_WARN_UNUSED_FUNCTION = YES;
				GCC_WARN_UNUSED_VARIABLE = YES;
				IPHONEOS_DEPLOYMENT_TARGET = 12.2;
				MTL_ENABLE_DEBUG_INFO = INCLUDE_SOURCE;
				MTL_FAST_MATH = YES;
				ONLY_ACTIVE_ARCH = YES;
				SDKROOT = iphoneos;
				SWIFT_ACTIVE_COMPILATION_CONDITIONS = DEBUG;
				SWIFT_OPTIMIZATION_LEVEL = "-Onone";
			};
			name = Debug;
		};
		A109D96F22D5DC9900AAE12A /* Release */ = {
			isa = XCBuildConfiguration;
			buildSettings = {
				ALWAYS_SEARCH_USER_PATHS = NO;
				CLANG_ANALYZER_NONNULL = YES;
				CLANG_ANALYZER_NUMBER_OBJECT_CONVERSION = YES_AGGRESSIVE;
				CLANG_CXX_LANGUAGE_STANDARD = "gnu++14";
				CLANG_CXX_LIBRARY = "libc++";
				CLANG_ENABLE_MODULES = YES;
				CLANG_ENABLE_OBJC_ARC = YES;
				CLANG_ENABLE_OBJC_WEAK = YES;
				CLANG_WARN_BLOCK_CAPTURE_AUTORELEASING = YES;
				CLANG_WARN_BOOL_CONVERSION = YES;
				CLANG_WARN_COMMA = YES;
				CLANG_WARN_CONSTANT_CONVERSION = YES;
				CLANG_WARN_DEPRECATED_OBJC_IMPLEMENTATIONS = YES;
				CLANG_WARN_DIRECT_OBJC_ISA_USAGE = YES_ERROR;
				CLANG_WARN_DOCUMENTATION_COMMENTS = YES;
				CLANG_WARN_EMPTY_BODY = YES;
				CLANG_WARN_ENUM_CONVERSION = YES;
				CLANG_WARN_INFINITE_RECURSION = YES;
				CLANG_WARN_INT_CONVERSION = YES;
				CLANG_WARN_NON_LITERAL_NULL_CONVERSION = YES;
				CLANG_WARN_OBJC_IMPLICIT_RETAIN_SELF = YES;
				CLANG_WARN_OBJC_LITERAL_CONVERSION = YES;
				CLANG_WARN_OBJC_ROOT_CLASS = YES_ERROR;
				CLANG_WARN_RANGE_LOOP_ANALYSIS = YES;
				CLANG_WARN_STRICT_PROTOTYPES = YES;
				CLANG_WARN_SUSPICIOUS_MOVE = YES;
				CLANG_WARN_UNGUARDED_AVAILABILITY = YES_AGGRESSIVE;
				CLANG_WARN_UNREACHABLE_CODE = YES;
				CLANG_WARN__DUPLICATE_METHOD_MATCH = YES;
				CODE_SIGN_IDENTITY = "iPhone Developer";
				COPY_PHASE_STRIP = NO;
				DEBUG_INFORMATION_FORMAT = "dwarf-with-dsym";
				ENABLE_NS_ASSERTIONS = NO;
				ENABLE_STRICT_OBJC_MSGSEND = YES;
				GCC_C_LANGUAGE_STANDARD = gnu11;
				GCC_NO_COMMON_BLOCKS = YES;
				GCC_WARN_64_TO_32_BIT_CONVERSION = YES;
				GCC_WARN_ABOUT_RETURN_TYPE = YES_ERROR;
				GCC_WARN_UNDECLARED_SELECTOR = YES;
				GCC_WARN_UNINITIALIZED_AUTOS = YES_AGGRESSIVE;
				GCC_WARN_UNUSED_FUNCTION = YES;
				GCC_WARN_UNUSED_VARIABLE = YES;
				IPHONEOS_DEPLOYMENT_TARGET = 12.2;
				MTL_ENABLE_DEBUG_INFO = NO;
				MTL_FAST_MATH = YES;
				SDKROOT = iphoneos;
				SWIFT_COMPILATION_MODE = wholemodule;
				SWIFT_OPTIMIZATION_LEVEL = "-O";
				VALIDATE_PRODUCT = YES;
			};
			name = Release;
		};
		A109D97122D5DC9900AAE12A /* Debug */ = {
			isa = XCBuildConfiguration;
			buildSettings = {
				ASSETCATALOG_COMPILER_APPICON_NAME = AppIcon;
				CODE_SIGN_STYLE = Automatic;
				INFOPLIST_FILE = "Virtual Tourist/Info.plist";
				LD_RUNPATH_SEARCH_PATHS = (
					"$(inherited)",
					"@executable_path/Frameworks",
				);
				PRODUCT_BUNDLE_IDENTIFIER = "NorahAlShareef.Virtual-Tourist";
				PRODUCT_NAME = "$(TARGET_NAME)";
				SWIFT_VERSION = 5.0;
				TARGETED_DEVICE_FAMILY = "1,2";
			};
			name = Debug;
		};
		A109D97222D5DC9900AAE12A /* Release */ = {
			isa = XCBuildConfiguration;
			buildSettings = {
				ASSETCATALOG_COMPILER_APPICON_NAME = AppIcon;
				CODE_SIGN_STYLE = Automatic;
				INFOPLIST_FILE = "Virtual Tourist/Info.plist";
				LD_RUNPATH_SEARCH_PATHS = (
					"$(inherited)",
					"@executable_path/Frameworks",
				);
				PRODUCT_BUNDLE_IDENTIFIER = "NorahAlShareef.Virtual-Tourist";
				PRODUCT_NAME = "$(TARGET_NAME)";
				SWIFT_VERSION = 5.0;
				TARGETED_DEVICE_FAMILY = "1,2";
			};
			name = Release;
		};
		A109D97422D5DC9900AAE12A /* Debug */ = {
			isa = XCBuildConfiguration;
			buildSettings = {
				ALWAYS_EMBED_SWIFT_STANDARD_LIBRARIES = YES;
				BUNDLE_LOADER = "$(TEST_HOST)";
				CODE_SIGN_STYLE = Automatic;
				INFOPLIST_FILE = "Virtual TouristTests/Info.plist";
				LD_RUNPATH_SEARCH_PATHS = (
					"$(inherited)",
					"@executable_path/Frameworks",
					"@loader_path/Frameworks",
				);
				PRODUCT_BUNDLE_IDENTIFIER = "NorahAlShareef.Virtual-TouristTests";
				PRODUCT_NAME = "$(TARGET_NAME)";
				SWIFT_VERSION = 5.0;
				TARGETED_DEVICE_FAMILY = "1,2";
				TEST_HOST = "$(BUILT_PRODUCTS_DIR)/Virtual Tourist.app/Virtual Tourist";
			};
			name = Debug;
		};
		A109D97522D5DC9900AAE12A /* Release */ = {
			isa = XCBuildConfiguration;
			buildSettings = {
				ALWAYS_EMBED_SWIFT_STANDARD_LIBRARIES = YES;
				BUNDLE_LOADER = "$(TEST_HOST)";
				CODE_SIGN_STYLE = Automatic;
				INFOPLIST_FILE = "Virtual TouristTests/Info.plist";
				LD_RUNPATH_SEARCH_PATHS = (
					"$(inherited)",
					"@executable_path/Frameworks",
					"@loader_path/Frameworks",
				);
				PRODUCT_BUNDLE_IDENTIFIER = "NorahAlShareef.Virtual-TouristTests";
				PRODUCT_NAME = "$(TARGET_NAME)";
				SWIFT_VERSION = 5.0;
				TARGETED_DEVICE_FAMILY = "1,2";
				TEST_HOST = "$(BUILT_PRODUCTS_DIR)/Virtual Tourist.app/Virtual Tourist";
			};
			name = Release;
		};
		A109D97722D5DC9900AAE12A /* Debug */ = {
			isa = XCBuildConfiguration;
			buildSettings = {
				ALWAYS_EMBED_SWIFT_STANDARD_LIBRARIES = YES;
				CODE_SIGN_STYLE = Automatic;
				INFOPLIST_FILE = "Virtual TouristUITests/Info.plist";
				LD_RUNPATH_SEARCH_PATHS = (
					"$(inherited)",
					"@executable_path/Frameworks",
					"@loader_path/Frameworks",
				);
				PRODUCT_BUNDLE_IDENTIFIER = "NorahAlShareef.Virtual-TouristUITests";
				PRODUCT_NAME = "$(TARGET_NAME)";
				SWIFT_VERSION = 5.0;
				TARGETED_DEVICE_FAMILY = "1,2";
				TEST_TARGET_NAME = "Virtual Tourist";
			};
			name = Debug;
		};
		A109D97822D5DC9900AAE12A /* Release */ = {
			isa = XCBuildConfiguration;
			buildSettings = {
				ALWAYS_EMBED_SWIFT_STANDARD_LIBRARIES = YES;
				CODE_SIGN_STYLE = Automatic;
				INFOPLIST_FILE = "Virtual TouristUITests/Info.plist";
				LD_RUNPATH_SEARCH_PATHS = (
					"$(inherited)",
					"@executable_path/Frameworks",
					"@loader_path/Frameworks",
				);
				PRODUCT_BUNDLE_IDENTIFIER = "NorahAlShareef.Virtual-TouristUITests";
				PRODUCT_NAME = "$(TARGET_NAME)";
				SWIFT_VERSION = 5.0;
				TARGETED_DEVICE_FAMILY = "1,2";
				TEST_TARGET_NAME = "Virtual Tourist";
			};
			name = Release;
		};
/* End XCBuildConfiguration section */

/* Begin XCConfigurationList section */
		A109D94322D5DC9800AAE12A /* Build configuration list for PBXProject "Virtual Tourist" */ = {
			isa = XCConfigurationList;
			buildConfigurations = (
				A109D96E22D5DC9900AAE12A /* Debug */,
				A109D96F22D5DC9900AAE12A /* Release */,
			);
			defaultConfigurationIsVisible = 0;
			defaultConfigurationName = Release;
		};
		A109D97022D5DC9900AAE12A /* Build configuration list for PBXNativeTarget "Virtual Tourist" */ = {
			isa = XCConfigurationList;
			buildConfigurations = (
				A109D97122D5DC9900AAE12A /* Debug */,
				A109D97222D5DC9900AAE12A /* Release */,
			);
			defaultConfigurationIsVisible = 0;
			defaultConfigurationName = Release;
		};
		A109D97322D5DC9900AAE12A /* Build configuration list for PBXNativeTarget "Virtual TouristTests" */ = {
			isa = XCConfigurationList;
			buildConfigurations = (
				A109D97422D5DC9900AAE12A /* Debug */,
				A109D97522D5DC9900AAE12A /* Release */,
			);
			defaultConfigurationIsVisible = 0;
			defaultConfigurationName = Release;
		};
		A109D97622D5DC9900AAE12A /* Build configuration list for PBXNativeTarget "Virtual TouristUITests" */ = {
			isa = XCConfigurationList;
			buildConfigurations = (
				A109D97722D5DC9900AAE12A /* Debug */,
				A109D97822D5DC9900AAE12A /* Release */,
			);
			defaultConfigurationIsVisible = 0;
			defaultConfigurationName = Release;
		};
/* End XCConfigurationList section */

/* Begin XCVersionGroup section */
		A109D98422D600EE00AAE12A /* VirtualTourist.xcdatamodeld */ = {
			isa = XCVersionGroup;
			children = (
				A109D98522D600EE00AAE12A /* VirtualTourist.xcdatamodel */,
			);
			currentVersion = A109D98522D600EE00AAE12A /* VirtualTourist.xcdatamodel */;
			path = VirtualTourist.xcdatamodeld;
			sourceTree = "<group>";
			versionGroupType = wrapper.xcdatamodel;
		};
/* End XCVersionGroup section */
	};
	rootObject = A109D94022D5DC9800AAE12A /* Project object */;
}
